
Microsoft Visual Studio Solution File, Format Version 12.00
# Visual Studio Version 17
VisualStudioVersion = 17.8.34525.116
MinimumVisualStudioVersion = 10.0.40219.1
Project("{8BC9CEB8-8B4A-11D0-8D11-00A0C91BC942}") = "misra01", "misra01\misra01.vcxproj", "{FAB4213F-E3E9-42AB-B59A-479E12F90E55}"
EndProject
Project("{8BC9CEB8-8B4A-11D0-8D11-00A0C91BC942}") = "misra02", "misra02\misra02.vcxproj", "{8D1CC717-11FF-4E53-9805-2062812681B2}"
EndProject
Project("{8BC9CEB8-8B4A-11D0-8D11-00A0C91BC942}") = "misra03", "misra03\misra03.vcxproj", "{5D66E0D6-D00B-4403-B858-90347D89E8A2}"
EndProject
Project("{8BC9CEB8-8B4A-11D0-8D11-00A0C91BC942}") = "misra04", "misra04\misra04.vcxproj", "{7A00BEA6-7BAB-4FFB-9690-3F73B7EE2E1A}"
EndProject
Project("{8BC9CEB8-8B4A-11D0-8D11-00A0C91BC942}") = "misra05", "misra05\misra05.vcxproj", "{128F2082-D7FB-4474-9FAE-522A725A9020}"
EndProject
Project("{8BC9CEB8-8B4A-11D0-8D11-00A0C91BC942}") = "misra06", "misra06\misra06.vcxproj", "{288F32F9-0BEF-480B-A99A-CB93A6E48D59}"
EndProject
Project("{8BC9CEB8-8B4A-11D0-8D11-00A0C91BC942}") = "misra07", "misra07\misra07.vcxproj", "{60C6C080-9A91-436E-B742-E7B1B5A12313}"
EndProject
Project("{8BC9CEB8-8B4A-11D0-8D11-00A0C91BC942}") = "misra08", "misra08\misra08.vcxproj", "{5DC84526-BCE8-4314-B824-1BACDCB436C8}"
EndProject
Project("{8BC9CEB8-8B4A-11D0-8D11-00A0C91BC942}") = "misra09", "misra09\misra09.vcxproj", "{E6DE16A5-3540-4820-B12B-702863EA193D}"
EndProject
Project("{8BC9CEB8-8B4A-11D0-8D11-00A0C91BC942}") = "misra10", "misra10\misra10.vcxproj", "{2EAE3854-F7D2-4724-8744-2243FE8C8D48}"
EndProject
Global
	GlobalSection(SolutionConfigurationPlatforms) = preSolution
		Debug|x64 = Debug|x64
		Debug|x86 = Debug|x86
		Release|x64 = Release|x64
		Release|x86 = Release|x86
	EndGlobalSection
	GlobalSection(ProjectConfigurationPlatforms) = postSolution
		{FAB4213F-E3E9-42AB-B59A-479E12F90E55}.Debug|x64.ActiveCfg = Debug|x64
		{FAB4213F-E3E9-42AB-B59A-479E12F90E55}.Debug|x64.Build.0 = Debug|x64
		{FAB4213F-E3E9-42AB-B59A-479E12F90E55}.Debug|x86.ActiveCfg = Debug|Win32
		{FAB4213F-E3E9-42AB-B59A-479E12F90E55}.Debug|x86.Build.0 = Debug|Win32
		{FAB4213F-E3E9-42AB-B59A-479E12F90E55}.Release|x64.ActiveCfg = Release|x64
		{FAB4213F-E3E9-42AB-B59A-479E12F90E55}.Release|x64.Build.0 = Release|x64
		{FAB4213F-E3E9-42AB-B59A-479E12F90E55}.Release|x86.ActiveCfg = Release|Win32
		{FAB4213F-E3E9-42AB-B59A-479E12F90E55}.Release|x86.Build.0 = Release|Win32
		{8D1CC717-11FF-4E53-9805-2062812681B2}.Debug|x64.ActiveCfg = Debug|x64
		{8D1CC717-11FF-4E53-9805-2062812681B2}.Debug|x64.Build.0 = Debug|x64
		{8D1CC717-11FF-4E53-9805-2062812681B2}.Debug|x86.ActiveCfg = Debug|Win32
		{8D1CC717-11FF-4E53-9805-2062812681B2}.Debug|x86.Build.0 = Debug|Win32
		{8D1CC717-11FF-4E53-9805-2062812681B2}.Release|x64.ActiveCfg = Release|x64
		{8D1CC717-11FF-4E53-9805-2062812681B2}.Release|x64.Build.0 = Release|x64
		{8D1CC717-11FF-4E53-9805-2062812681B2}.Release|x86.ActiveCfg = Release|Win32
		{8D1CC717-11FF-4E53-9805-2062812681B2}.Release|x86.Build.0 = Release|Win32
		{5D66E0D6-D00B-4403-B858-90347D89E8A2}.Debug|x64.ActiveCfg = Debug|x64
		{5D66E0D6-D00B-4403-B858-90347D89E8A2}.Debug|x64.Build.0 = Debug|x64
		{5D66E0D6-D00B-4403-B858-90347D89E8A2}.Debug|x86.ActiveCfg = Debug|Win32
		{5D66E0D6-D00B-4403-B858-90347D89E8A2}.Debug|x86.Build.0 = Debug|Win32
		{5D66E0D6-D00B-4403-B858-90347D89E8A2}.Release|x64.ActiveCfg = Release|x64
		{5D66E0D6-D00B-4403-B858-90347D89E8A2}.Release|x64.Build.0 = Release|x64
		{5D66E0D6-D00B-4403-B858-90347D89E8A2}.Release|x86.ActiveCfg = Release|Win32
		{5D66E0D6-D00B-4403-B858-90347D89E8A2}.Release|x86.Build.0 = Release|Win32
		{7A00BEA6-7BAB-4FFB-9690-3F73B7EE2E1A}.Debug|x64.ActiveCfg = Debug|x64
		{7A00BEA6-7BAB-4FFB-9690-3F73B7EE2E1A}.Debug|x64.Build.0 = Debug|x64
		{7A00BEA6-7BAB-4FFB-9690-3F73B7EE2E1A}.Debug|x86.ActiveCfg = Debug|Win32
		{7A00BEA6-7BAB-4FFB-9690-3F73B7EE2E1A}.Debug|x86.Build.0 = Debug|Win32
		{7A00BEA6-7BAB-4FFB-9690-3F73B7EE2E1A}.Release|x64.ActiveCfg = Release|x64
		{7A00BEA6-7BAB-4FFB-9690-3F73B7EE2E1A}.Release|x64.Build.0 = Release|x64
		{7A00BEA6-7BAB-4FFB-9690-3F73B7EE2E1A}.Release|x86.ActiveCfg = Release|Win32
		{7A00BEA6-7BAB-4FFB-9690-3F73B7EE2E1A}.Release|x86.Build.0 = Release|Win32
		{128F2082-D7FB-4474-9FAE-522A725A9020}.Debug|x64.ActiveCfg = Debug|x64
		{128F2082-D7FB-4474-9FAE-522A725A9020}.Debug|x64.Build.0 = Debug|x64
		{128F2082-D7FB-4474-9FAE-522A725A9020}.Debug|x86.ActiveCfg = Debug|Win32
		{128F2082-D7FB-4474-9FAE-522A725A9020}.Debug|x86.Build.0 = Debug|Win32
		{128F2082-D7FB-4474-9FAE-522A725A9020}.Release|x64.ActiveCfg = Release|x64
		{128F2082-D7FB-4474-9FAE-522A725A9020}.Release|x64.Build.0 = Release|x64
		{128F2082-D7FB-4474-9FAE-522A725A9020}.Release|x86.ActiveCfg = Release|Win32
		{128F2082-D7FB-4474-9FAE-522A725A9020}.Release|x86.Build.0 = Release|Win32
		{288F32F9-0BEF-480B-A99A-CB93A6E48D59}.Debug|x64.ActiveCfg = Debug|x64
		{288F32F9-0BEF-480B-A99A-CB93A6E48D59}.Debug|x64.Build.0 = Debug|x64
		{288F32F9-0BEF-480B-A99A-CB93A6E48D59}.Debug|x86.ActiveCfg = Debug|Win32
		{288F32F9-0BEF-480B-A99A-CB93A6E48D59}.Debug|x86.Build.0 = Debug|Win32
		{288F32F9-0BEF-480B-A99A-CB93A6E48D59}.Release|x64.ActiveCfg = Release|x64
		{288F32F9-0BEF-480B-A99A-CB93A6E48D59}.Release|x64.Build.0 = Release|x64
		{288F32F9-0BEF-480B-A99A-CB93A6E48D59}.Release|x86.ActiveCfg = Release|Win32
		{288F32F9-0BEF-480B-A99A-CB93A6E48D59}.Release|x86.Build.0 = Release|Win32
		{60C6C080-9A91-436E-B742-E7B1B5A12313}.Debug|x64.ActiveCfg = Debug|x64
		{60C6C080-9A91-436E-B742-E7B1B5A12313}.Debug|x64.Build.0 = Debug|x64
		{60C6C080-9A91-436E-B742-E7B1B5A12313}.Debug|x86.ActiveCfg = Debug|Win32
		{60C6C080-9A91-436E-B742-E7B1B5A12313}.Debug|x86.Build.0 = Debug|Win32
		{60C6C080-9A91-436E-B742-E7B1B5A12313}.Release|x64.ActiveCfg = Release|x64
		{60C6C080-9A91-436E-B742-E7B1B5A12313}.Release|x64.Build.0 = Release|x64
		{60C6C080-9A91-436E-B742-E7B1B5A12313}.Release|x86.ActiveCfg = Release|Win32
		{60C6C080-9A91-436E-B742-E7B1B5A12313}.Release|x86.Build.0 = Release|Win32
		{5DC84526-BCE8-4314-B824-1BACDCB436C8}.Debug|x64.ActiveCfg = Debug|x64
		{5DC84526-BCE8-4314-B824-1BACDCB436C8}.Debug|x64.Build.0 = Debug|x64
		{5DC84526-BCE8-4314-B824-1BACDCB436C8}.Debug|x86.ActiveCfg = Debug|Win32
		{5DC84526-BCE8-4314-B824-1BACDCB436C8}.Debug|x86.Build.0 = Debug|Win32
		{5DC84526-BCE8-4314-B824-1BACDCB436C8}.Release|x64.ActiveCfg = Release|x64
		{5DC84526-BCE8-4314-B824-1BACDCB436C8}.Release|x64.Build.0 = Release|x64
		{5DC84526-BCE8-4314-B824-1BACDCB436C8}.Release|x86.ActiveCfg = Release|Win32
		{5DC84526-BCE8-4314-B824-1BACDCB436C8}.Release|x86.Build.0 = Release|Win32
		{E6DE16A5-3540-4820-B12B-702863EA193D}.Debug|x64.ActiveCfg = Debug|x64
		{E6DE16A5-3540-4820-B12B-702863EA193D}.Debug|x64.Build.0 = Debug|x64
		{E6DE16A5-3540-4820-B12B-702863EA193D}.Debug|x86.ActiveCfg = Debug|Win32
		{E6DE16A5-3540-4820-B12B-702863EA193D}.Debug|x86.Build.0 = Debug|Win32
		{E6DE16A5-3540-4820-B12B-702863EA193D}.Release|x64.ActiveCfg = Release|x64
		{E6DE16A5-3540-4820-B12B-702863EA193D}.Release|x64.Build.0 = Release|x64
		{E6DE16A5-3540-4820-B12B-702863EA193D}.Release|x86.ActiveCfg = Release|Win32
		{E6DE16A5-3540-4820-B12B-702863EA193D}.Release|x86.Build.0 = Release|Win32
		{2EAE3854-F7D2-4724-8744-2243FE8C8D48}.Debug|x64.ActiveCfg = Debug|x64
		{2EAE3854-F7D2-4724-8744-2243FE8C8D48}.Debug|x64.Build.0 = Debug|x64
		{2EAE3854-F7D2-4724-8744-2243FE8C8D48}.Debug|x86.ActiveCfg = Debug|Win32
		{2EAE3854-F7D2-4724-8744-2243FE8C8D48}.Debug|x86.Build.0 = Debug|Win32
		{2EAE3854-F7D2-4724-8744-2243FE8C8D48}.Release|x64.ActiveCfg = Release|x64
		{2EAE3854-F7D2-4724-8744-2243FE8C8D48}.Release|x64.Build.0 = Release|x64
		{2EAE3854-F7D2-4724-8744-2243FE8C8D48}.Release|x86.ActiveCfg = Release|Win32
		{2EAE3854-F7D2-4724-8744-2243FE8C8D48}.Release|x86.Build.0 = Release|Win32
	EndGlobalSection
	GlobalSection(SolutionProperties) = preSolution
		HideSolutionNode = FALSE
	EndGlobalSection
	GlobalSection(ExtensibilityGlobals) = postSolution
		SolutionGuid = {DDF58F99-6AF5-4E05-BBA8-18641C69C92A}
	EndGlobalSection
EndGlobal
